
Microsoft Visual Studio Solution File, Format Version 12.00
# Visual Studio Version 17
VisualStudioVersion = 17.14.36202.13 d17.14
MinimumVisualStudioVersion = 10.0.40219.1
Project("{888888A0-9F3D-457C-B088-3A5042F75D52}") = "RBF-Comparisons", "RBF-Comparisons.pyproj", "{498ECA03-D1B0-4E40-9985-F431145E53CD}"
EndProject
Global
	GlobalSection(SolutionConfigurationPlatforms) = preSolution
		Debug|Any CPU = Debug|Any CPU
		Release|Any CPU = Release|Any CPU
	EndGlobalSection
	GlobalSection(ProjectConfigurationPlatforms) = postSolution
		{498ECA03-D1B0-4E40-9985-F431145E53CD}.Debug|Any CPU.ActiveCfg = Debug|Any CPU
		{498ECA03-D1B0-4E40-9985-F431145E53CD}.Release|Any CPU.ActiveCfg = Release|Any CPU
	EndGlobalSection
	GlobalSection(SolutionProperties) = preSolution
		HideSolutionNode = FALSE
	EndGlobalSection
	GlobalSection(ExtensibilityGlobals) = postSolution
		SolutionGuid = {04D555CD-9E46-4191-9678-188B7908DA1B}
	EndGlobalSection
EndGlobal
